
Microsoft Visual Studio Solution File, Format Version 12.00
# Visual Studio Version 17
VisualStudioVersion = 17.14.37027.9 d17.14
MinimumVisualStudioVersion = 10.0.40219.1
Project("{FAE04EC0-301F-11D3-BF4B-00C04F79EFBC}") = "3", "3\3.csproj", "{74334799-3C7D-4319-BB9C-D448FF2EF8F7}"
EndProject
Global
	GlobalSection(SolutionConfigurationPlatforms) = preSolution
		Debug|Any CPU = Debug|Any CPU
		Release|Any CPU = Release|Any CPU
	EndGlobalSection
	GlobalSection(ProjectConfigurationPlatforms) = postSolution
		{74334799-3C7D-4319-BB9C-D448FF2EF8F7}.Debug|Any CPU.ActiveCfg = Debug|Any CPU
		{74334799-3C7D-4319-BB9C-D448FF2EF8F7}.Debug|Any CPU.Build.0 = Debug|Any CPU
		{74334799-3C7D-4319-BB9C-D448FF2EF8F7}.Release|Any CPU.ActiveCfg = Release|Any CPU
		{74334799-3C7D-4319-BB9C-D448FF2EF8F7}.Release|Any CPU.Build.0 = Release|Any CPU
	EndGlobalSection
	GlobalSection(SolutionProperties) = preSolution
		HideSolutionNode = FALSE
	EndGlobalSection
	GlobalSection(ExtensibilityGlobals) = postSolution
		SolutionGuid = {8FFDDEC9-ECA0-49AD-A4CE-2A21A331916F}
	EndGlobalSection
EndGlobal
